// !$*UTF8*$!
{
	archiveVersion = 1;
	classes = {
	};
	objectVersion = 55;
	objects = {

/* Begin PBXBuildFile section */
		4B7DA3C2278DB280004147A8 /* TooDooApp.swift in Sources */ = {isa = PBXBuildFile; fileRef = 4B7DA3C1278DB280004147A8 /* TooDooApp.swift */; };
		4B7DA3C4278DB280004147A8 /* ContentView.swift in Sources */ = {isa = PBXBuildFile; fileRef = 4B7DA3C3278DB280004147A8 /* ContentView.swift */; };
		4B7DA3C6278DB281004147A8 /* Assets.xcassets in Resources */ = {isa = PBXBuildFile; fileRef = 4B7DA3C5278DB281004147A8 /* Assets.xcassets */; };
		4B7DA3C9278DB281004147A8 /* Preview Assets.xcassets in Resources */ = {isa = PBXBuildFile; fileRef = 4B7DA3C8278DB281004147A8 /* Preview Assets.xcassets */; };
		4B7DA3D3278DB281004147A8 /* TooDooTests.swift in Sources */ = {isa = PBXBuildFile; fileRef = 4B7DA3D2278DB281004147A8 /* TooDooTests.swift */; };
		4B7DA3DD278DB281004147A8 /* TooDooUITests.swift in Sources */ = {isa = PBXBuildFile; fileRef = 4B7DA3DC278DB281004147A8 /* TooDooUITests.swift */; };
		4B7DA3DF278DB281004147A8 /* TooDooUITestsLaunchTests.swift in Sources */ = {isa = PBXBuildFile; fileRef = 4B7DA3DE278DB281004147A8 /* TooDooUITestsLaunchTests.swift */; };
/* End PBXBuildFile section */

/* Begin PBXContainerItemProxy section */
		4B7DA3CF278DB281004147A8 /* PBXContainerItemProxy */ = {
			isa = PBXContainerItemProxy;
			containerPortal = 4B7DA3B6278DB280004147A8 /* Project object */;
			proxyType = 1;
			remoteGlobalIDString = 4B7DA3BD278DB280004147A8;
			remoteInfo = TooDoo;
		};
		4B7DA3D9278DB281004147A8 /* PBXContainerItemProxy */ = {
			isa = PBXContainerItemProxy;
			containerPortal = 4B7DA3B6278DB280004147A8 /* Project object */;
			proxyType = 1;
			remoteGlobalIDString = 4B7DA3BD278DB280004147A8;
			remoteInfo = TooDoo;
		};
/* End PBXContainerItemProxy section */

/* Begin PBXFileReference section */
		4B7DA3BE278DB280004147A8 /* TooDoo.app */ = {isa = PBXFileReference; explicitFileType = wrapper.application; includeInIndex = 0; path = TooDoo.app; sourceTree = BUILT_PRODUCTS_DIR; };
		4B7DA3C1278DB280004147A8 /* TooDooApp.swift */ = {isa = PBXFileReference; lastKnownFileType = sourcecode.swift; path = TooDooApp.swift; sourceTree = "<group>"; };
		4B7DA3C3278DB280004147A8 /* ContentView.swift */ = {isa = PBXFileReference; lastKnownFileType = sourcecode.swift; path = ContentView.swift; sourceTree = "<group>"; };
		4B7DA3C5278DB281004147A8 /* Assets.xcassets */ = {isa = PBXFileReference; lastKnownFileType = folder.assetcatalog; path = Assets.xcassets; sourceTree = "<group>"; };
		4B7DA3C8278DB281004147A8 /* Preview Assets.xcassets */ = {isa = PBXFileReference; lastKnownFileType = folder.assetcatalog; path = "Preview Assets.xcassets"; sourceTree = "<group>"; };
		4B7DA3CE278DB281004147A8 /* TooDooTests.xctest */ = {isa = PBXFileReference; explicitFileType = wrapper.cfbundle; includeInIndex = 0; path = TooDooTests.xctest; sourceTree = BUILT_PRODUCTS_DIR; };
		4B7DA3D2278DB281004147A8 /* TooDooTests.swift */ = {isa = PBXFileReference; lastKnownFileType = sourcecode.swift; path = TooDooTests.swift; sourceTree = "<group>"; };
		4B7DA3D8278DB281004147A8 /* TooDooUITests.xctest */ = {isa = PBXFileReference; explicitFileType = wrapper.cfbundle; includeInIndex = 0; path = TooDooUITests.xctest; sourceTree = BUILT_PRODUCTS_DIR; };
		4B7DA3DC278DB281004147A8 /* TooDooUITests.swift */ = {isa = PBXFileReference; lastKnownFileType = sourcecode.swift; path = TooDooUITests.swift; sourceTree = "<group>"; };
		4B7DA3DE278DB281004147A8 /* TooDooUITestsLaunchTests.swift */ = {isa = PBXFileReference; lastKnownFileType = sourcecode.swift; path = TooDooUITestsLaunchTests.swift; sourceTree = "<group>"; };
/* End PBXFileReference section */

/* Begin PBXFrameworksBuildPhase section */
		4B7DA3BB278DB280004147A8 /* Frameworks */ = {
			isa = PBXFrameworksBuildPhase;
			buildActionMask = 2147483647;
			files = (
			);
			runOnlyForDeploymentPostprocessing = 0;
		};
		4B7DA3CB278DB281004147A8 /* Frameworks */ = {
			isa = PBXFrameworksBuildPhase;
			buildActionMask = 2147483647;
			files = (
			);
			runOnlyForDeploymentPostprocessing = 0;
		};
		4B7DA3D5278DB281004147A8 /* Frameworks */ = {
			isa = PBXFrameworksBuildPhase;
			buildActionMask = 2147483647;
			files = (
			);
			runOnlyForDeploymentPostprocessing = 0;
		};
/* End PBXFrameworksBuildPhase section */

/* Begin PBXGroup section */
		4B7DA3B5278DB280004147A8 = {
			isa = PBXGroup;
			children = (
				4B7DA3C0278DB280004147A8 /* TooDoo */,
				4B7DA3D1278DB281004147A8 /* TooDooTests */,
				4B7DA3DB278DB281004147A8 /* TooDooUITests */,
				4B7DA3BF278DB280004147A8 /* Products */,
			);
			sourceTree = "<group>";
		};
		4B7DA3BF278DB280004147A8 /* Products */ = {
			isa = PBXGroup;
			children = (
				4B7DA3BE278DB280004147A8 /* TooDoo.app */,
				4B7DA3CE278DB281004147A8 /* TooDooTests.xctest */,
				4B7DA3D8278DB281004147A8 /* TooDooUITests.xctest */,
			);
			name = Products;
			sourceTree = "<group>";
		};
		4B7DA3C0278DB280004147A8 /* TooDoo */ = {
			isa = PBXGroup;
			children = (
				4B7DA3C1278DB280004147A8 /* TooDooApp.swift */,
				4B7DA3C3278DB280004147A8 /* ContentView.swift */,
				4B7DA3C5278DB281004147A8 /* Assets.xcassets */,
				4B7DA3C7278DB281004147A8 /* Preview Content */,
			);
			path = TooDoo;
			sourceTree = "<group>";
		};
		4B7DA3C7278DB281004147A8 /* Preview Content */ = {
			isa = PBXGroup;
			children = (
				4B7DA3C8278DB281004147A8 /* Preview Assets.xcassets */,
			);
			path = "Preview Content";
			sourceTree = "<group>";
		};
		4B7DA3D1278DB281004147A8 /* TooDooTests */ = {
			isa = PBXGroup;
			children = (
				4B7DA3D2278DB281004147A8 /* TooDooTests.swift */,
			);
			path = TooDooTests;
			sourceTree = "<group>";
		};
		4B7DA3DB278DB281004147A8 /* TooDooUITests */ = {
			isa = PBXGroup;
			children = (
				4B7DA3DC278DB281004147A8 /* TooDooUITests.swift */,
				4B7DA3DE278DB281004147A8 /* TooDooUITestsLaunchTests.swift */,
			);
			path = TooDooUITests;
			sourceTree = "<group>";
		};
/* End PBXGroup section */

/* Begin PBXNativeTarget section */
		4B7DA3BD278DB280004147A8 /* TooDoo */ = {
			isa = PBXNativeTarget;
			buildConfigurationList = 4B7DA3E2278DB281004147A8 /* Build configuration list for PBXNativeTarget "TooDoo" */;
			buildPhases = (
				4B7DA3BA278DB280004147A8 /* Sources */,
				4B7DA3BB278DB280004147A8 /* Frameworks */,
				4B7DA3BC278DB280004147A8 /* Resources */,
			);
			buildRules = (
			);
			dependencies = (
			);
			name = TooDoo;
			productName = TooDoo;
			productReference = 4B7DA3BE278DB280004147A8 /* TooDoo.app */;
			productType = "com.apple.product-type.application";
		};
		4B7DA3CD278DB281004147A8 /* TooDooTests */ = {
			isa = PBXNativeTarget;
			buildConfigurationList = 4B7DA3E5278DB281004147A8 /* Build configuration list for PBXNativeTarget "TooDooTests" */;
			buildPhases = (
				4B7DA3CA278DB281004147A8 /* Sources */,
				4B7DA3CB278DB281004147A8 /* Frameworks */,
				4B7DA3CC278DB281004147A8 /* Resources */,
			);
			buildRules = (
			);
			dependencies = (
				4B7DA3D0278DB281004147A8 /* PBXTargetDependency */,
			);
			name = TooDooTests;
			productName = TooDooTests;
			productReference = 4B7DA3CE278DB281004147A8 /* TooDooTests.xctest */;
			productType = "com.apple.product-type.bundle.unit-test";
		};
		4B7DA3D7278DB281004147A8 /* TooDooUITests */ = {
			isa = PBXNativeTarget;
			buildConfigurationList = 4B7DA3E8278DB281004147A8 /* Build configuration list for PBXNativeTarget "TooDooUITests" */;
			buildPhases = (
				4B7DA3D4278DB281004147A8 /* Sources */,
				4B7DA3D5278DB281004147A8 /* Frameworks */,
				4B7DA3D6278DB281004147A8 /* Resources */,
			);
			buildRules = (
			);
			dependencies = (
				4B7DA3DA278DB281004147A8 /* PBXTargetDependency */,
			);
			name = TooDooUITests;
			productName = TooDooUITests;
			productReference = 4B7DA3D8278DB281004147A8 /* TooDooUITests.xctest */;
			productType = "com.apple.product-type.bundle.ui-testing";
		};
/* End PBXNativeTarget section */

/* Begin PBXProject section */
		4B7DA3B6278DB280004147A8 /* Project object */ = {
			isa = PBXProject;
			attributes = {
				BuildIndependentTargetsInParallel = 1;
				LastSwiftUpdateCheck = 1320;
				LastUpgradeCheck = 1320;
				TargetAttributes = {
					4B7DA3BD278DB280004147A8 = {
						CreatedOnToolsVersion = 13.2.1;
					};
					4B7DA3CD278DB281004147A8 = {
						CreatedOnToolsVersion = 13.2.1;
						TestTargetID = 4B7DA3BD278DB280004147A8;
					};
					4B7DA3D7278DB281004147A8 = {
						CreatedOnToolsVersion = 13.2.1;
						TestTargetID = 4B7DA3BD278DB280004147A8;
					};
				};
			};
			buildConfigurationList = 4B7DA3B9278DB280004147A8 /* Build configuration list for PBXProject "TooDoo" */;
			compatibilityVersion = "Xcode 13.0";
			developmentRegion = en;
			hasScannedForEncodings = 0;
			knownRegions = (
				en,
				Base,
			);
			mainGroup = 4B7DA3B5278DB280004147A8;
			productRefGroup = 4B7DA3BF278DB280004147A8 /* Products */;
			projectDirPath = "";
			projectRoot = "";
			targets = (
				4B7DA3BD278DB280004147A8 /* TooDoo */,
				4B7DA3CD278DB281004147A8 /* TooDooTests */,
				4B7DA3D7278DB281004147A8 /* TooDooUITests */,
			);
		};
/* End PBXProject section */

/* Begin PBXResourcesBuildPhase section */
		4B7DA3BC278DB280004147A8 /* Resources */ = {
			isa = PBXResourcesBuildPhase;
			buildActionMask = 2147483647;
			files = (
				4B7DA3C9278DB281004147A8 /* Preview Assets.xcassets in Resources */,
				4B7DA3C6278DB281004147A8 /* Assets.xcassets in Resources */,
			);
			runOnlyForDeploymentPostprocessing = 0;
		};
		4B7DA3CC278DB281004147A8 /* Resources */ = {
			isa = PBXResourcesBuildPhase;
			buildActionMask = 2147483647;
			files = (
			);
			runOnlyForDeploymentPostprocessing = 0;
		};
		4B7DA3D6278DB281004147A8 /* Resources */ = {
			isa = PBXResourcesBuildPhase;
			buildActionMask = 2147483647;
			files = (
			);
			runOnlyForDeploymentPostprocessing = 0;
		};
/* End PBXResourcesBuildPhase section */

/* Begin PBXSourcesBuildPhase section */
		4B7DA3BA278DB280004147A8 /* Sources */ = {
			isa = PBXSourcesBuildPhase;
			buildActionMask = 2147483647;
			files = (
				4B7DA3C4278DB280004147A8 /* ContentView.swift in Sources */,
				4B7DA3C2278DB280004147A8 /* TooDooApp.swift in Sources */,
			);
			runOnlyForDeploymentPostprocessing = 0;
		};
		4B7DA3CA278DB281004147A8 /* Sources */ = {
			isa = PBXSourcesBuildPhase;
			buildActionMask = 2147483647;
			files = (
				4B7DA3D3278DB281004147A8 /* TooDooTests.swift in Sources */,
			);
			runOnlyForDeploymentPostprocessing = 0;
		};
		4B7DA3D4278DB281004147A8 /* Sources */ = {
			isa = PBXSourcesBuildPhase;
			buildActionMask = 2147483647;
			files = (
				4B7DA3DF278DB281004147A8 /* TooDooUITestsLaunchTests.swift in Sources */,
				4B7DA3DD278DB281004147A8 /* TooDooUITests.swift in Sources */,
			);
			runOnlyForDeploymentPostprocessing = 0;
		};
/* End PBXSourcesBuildPhase section */

/* Begin PBXTargetDependency section */
		4B7DA3D0278DB281004147A8 /* PBXTargetDependency */ = {
			isa = PBXTargetDependency;
			target = 4B7DA3BD278DB280004147A8 /* TooDoo */;
			targetProxy = 4B7DA3CF278DB281004147A8 /* PBXContainerItemProxy */;
		};
		4B7DA3DA278DB281004147A8 /* PBXTargetDependency */ = {
			isa = PBXTargetDependency;
			target = 4B7DA3BD278DB280004147A8 /* TooDoo */;
			targetProxy = 4B7DA3D9278DB281004147A8 /* PBXContainerItemProxy */;
		};
/* End PBXTargetDependency section */

/* Begin XCBuildConfiguration section */
		4B7DA3E0278DB281004147A8 /* Debug */ = {
			isa = XCBuildConfiguration;
			buildSettings = {
				ALWAYS_SEARCH_USER_PATHS = NO;
				CLANG_ANALYZER_NONNULL = YES;
				CLANG_ANALYZER_NUMBER_OBJECT_CONVERSION = YES_AGGRESSIVE;
				CLANG_CXX_LANGUAGE_STANDARD = "gnu++17";
				CLANG_CXX_LIBRARY = "libc++";
				CLANG_ENABLE_MODULES = YES;
				CLANG_ENABLE_OBJC_ARC = YES;
				CLANG_ENABLE_OBJC_WEAK = YES;
				CLANG_WARN_BLOCK_CAPTURE_AUTORELEASING = YES;
				CLANG_WARN_BOOL_CONVERSION = YES;
				CLANG_WARN_COMMA = YES;
				CLANG_WARN_CONSTANT_CONVERSION = YES;
				CLANG_WARN_DEPRECATED_OBJC_IMPLEMENTATIONS = YES;
				CLANG_WARN_DIRECT_OBJC_ISA_USAGE = YES_ERROR;
				CLANG_WARN_DOCUMENTATION_COMMENTS = YES;
				CLANG_WARN_EMPTY_BODY = YES;
				CLANG_WARN_ENUM_CONVERSION = YES;
				CLANG_WARN_INFINITE_RECURSION = YES;
				CLANG_WARN_INT_CONVERSION = YES;
				CLANG_WARN_NON_LITERAL_NULL_CONVERSION = YES;
				CLANG_WARN_OBJC_IMPLICIT_RETAIN_SELF = YES;
				CLANG_WARN_OBJC_LITERAL_CONVERSION = YES;
				CLANG_WARN_OBJC_ROOT_CLASS = YES_ERROR;
				CLANG_WARN_QUOTED_INCLUDE_IN_FRAMEWORK_HEADER = YES;
				CLANG_WARN_RANGE_LOOP_ANALYSIS = YES;
				CLANG_WARN_STRICT_PROTOTYPES = YES;
				CLANG_WARN_SUSPICIOUS_MOVE = YES;
				CLANG_WARN_UNGUARDED_AVAILABILITY = YES_AGGRESSIVE;
				CLANG_WARN_UNREACHABLE_CODE = YES;
				CLANG_WARN__DUPLICATE_METHOD_MATCH = YES;
				COPY_PHASE_STRIP = NO;
				DEBUG_INFORMATION_FORMAT = dwarf;
				ENABLE_STRICT_OBJC_MSGSEND = YES;
				ENABLE_TESTABILITY = YES;
				GCC_C_LANGUAGE_STANDARD = gnu11;
				GCC_DYNAMIC_NO_PIC = NO;
				GCC_NO_COMMON_BLOCKS = YES;
				GCC_OPTIMIZATION_LEVEL = 0;
				GCC_PREPROCESSOR_DEFINITIONS = (
					"DEBUG=1",
					"$(inherited)",
				);
				GCC_WARN_64_TO_32_BIT_CONVERSION = YES;
				GCC_WARN_ABOUT_RETURN_TYPE = YES_ERROR;
				GCC_WARN_UNDECLARED_SELECTOR = YES;
				GCC_WARN_UNINITIALIZED_AUTOS = YES_AGGRESSIVE;
				GCC_WARN_UNUSED_FUNCTION = YES;
				GCC_WARN_UNUSED_VARIABLE = YES;
				IPHONEOS_DEPLOYMENT_TARGET = 15.2;
				MTL_ENABLE_DEBUG_INFO = INCLUDE_SOURCE;
				MTL_FAST_MATH = YES;
				ONLY_ACTIVE_ARCH = YES;
				SDKROOT = iphoneos;
				SWIFT_ACTIVE_COMPILATION_CONDITIONS = DEBUG;
				SWIFT_OPTIMIZATION_LEVEL = "-Onone";
			};
			name = Debug;
		};
		4B7DA3E1278DB281004147A8 /* Release */ = {
			isa = XCBuildConfiguration;
			buildSettings = {
				ALWAYS_SEARCH_USER_PATHS = NO;
				CLANG_ANALYZER_NONNULL = YES;
				CLANG_ANALYZER_NUMBER_OBJECT_CONVERSION = YES_AGGRESSIVE;
				CLANG_CXX_LANGUAGE_STANDARD = "gnu++17";
				CLANG_CXX_LIBRARY = "libc++";
				CLANG_ENABLE_MODULES = YES;
				CLANG_ENABLE_OBJC_ARC = YES;
				CLANG_ENABLE_OBJC_WEAK = YES;
				CLANG_WARN_BLOCK_CAPTURE_AUTORELEASING = YES;
				CLANG_WARN_BOOL_CONVERSION = YES;
				CLANG_WARN_COMMA = YES;
				CLANG_WARN_CONSTANT_CONVERSION = YES;
				CLANG_WARN_DEPRECATED_OBJC_IMPLEMENTATIONS = YES;
				CLANG_WARN_DIRECT_OBJC_ISA_USAGE = YES_ERROR;
				CLANG_WARN_DOCUMENTATION_COMMENTS = YES;
				CLANG_WARN_EMPTY_BODY = YES;
				CLANG_WARN_ENUM_CONVERSION = YES;
				CLANG_WARN_INFINITE_RECURSION = YES;
				CLANG_WARN_INT_CONVERSION = YES;
				CLANG_WARN_NON_LITERAL_NULL_CONVERSION = YES;
				CLANG_WARN_OBJC_IMPLICIT_RETAIN_SELF = YES;
				CLANG_WARN_OBJC_LITERAL_CONVERSION = YES;
				CLANG_WARN_OBJC_ROOT_CLASS = YES_ERROR;
				CLANG_WARN_QUOTED_INCLUDE_IN_FRAMEWORK_HEADER = YES;
				CLANG_WARN_RANGE_LOOP_ANALYSIS = YES;
				CLANG_WARN_STRICT_PROTOTYPES = YES;
				CLANG_WARN_SUSPICIOUS_MOVE = YES;
				CLANG_WARN_UNGUARDED_AVAILABILITY = YES_AGGRESSIVE;
				CLANG_WARN_UNREACHABLE_CODE = YES;
				CLANG_WARN__DUPLICATE_METHOD_MATCH = YES;
				COPY_PHASE_STRIP = NO;
				DEBUG_INFORMATION_FORMAT = "dwarf-with-dsym";
				ENABLE_NS_ASSERTIONS = NO;
				ENABLE_STRICT_OBJC_MSGSEND = YES;
				GCC_C_LANGUAGE_STANDARD = gnu11;
				GCC_NO_COMMON_BLOCKS = YES;
				GCC_WARN_64_TO_32_BIT_CONVERSION = YES;
				GCC_WARN_ABOUT_RETURN_TYPE = YES_ERROR;
				GCC_WARN_UNDECLARED_SELECTOR = YES;
				GCC_WARN_UNINITIALIZED_AUTOS = YES_AGGRESSIVE;
				GCC_WARN_UNUSED_FUNCTION = YES;
				GCC_WARN_UNUSED_VARIABLE = YES;
				IPHONEOS_DEPLOYMENT_TARGET = 15.2;
				MTL_ENABLE_DEBUG_INFO = NO;
				MTL_FAST_MATH = YES;
				SDKROOT = iphoneos;
				SWIFT_COMPILATION_MODE = wholemodule;
				SWIFT_OPTIMIZATION_LEVEL = "-O";
				VALIDATE_PRODUCT = YES;
			};
			name = Release;
		};
		4B7DA3E3278DB281004147A8 /* Debug */ = {
			isa = XCBuildConfiguration;
			buildSettings = {
				ASSETCATALOG_COMPILER_APPICON_NAME = AppIcon;
				ASSETCATALOG_COMPILER_GLOBAL_ACCENT_COLOR_NAME = AccentColor;
				CODE_SIGN_STYLE = Automatic;
				CURRENT_PROJECT_VERSION = 1;
				DEVELOPMENT_ASSET_PATHS = "\"TooDoo/Preview Content\"";
				ENABLE_PREVIEWS = YES;
				GENERATE_INFOPLIST_FILE = YES;
				INFOPLIST_KEY_UIApplicationSceneManifest_Generation = YES;
				INFOPLIST_KEY_UIApplicationSupportsIndirectInputEvents = YES;
				INFOPLIST_KEY_UILaunchScreen_Generation = YES;
				INFOPLIST_KEY_UISupportedInterfaceOrientations_iPad = "UIInterfaceOrientationPortrait UIInterfaceOrientationPortraitUpsideDown UIInterfaceOrientationLandscapeLeft UIInterfaceOrientationLandscapeRight";
				INFOPLIST_KEY_UISupportedInterfaceOrientations_iPhone = "UIInterfaceOrientationPortrait UIInterfaceOrientationLandscapeLeft UIInterfaceOrientationLandscapeRight";
				LD_RUNPATH_SEARCH_PATHS = (
					"$(inherited)",
					"@executable_path/Frameworks",
				);
				MARKETING_VERSION = 1.0;
				PRODUCT_BUNDLE_IDENTIFIER = com.dustindev.sample.TooDoo;
				PRODUCT_NAME = "$(TARGET_NAME)";
				SWIFT_EMIT_LOC_STRINGS = YES;
				SWIFT_VERSION = 5.0;
				TARGETED_DEVICE_FAMILY = "1,2";
			};
			name = Debug;
		};
		4B7DA3E4278DB281004147A8 /* Release */ = {
			isa = XCBuildConfiguration;
			buildSettings = {
				ASSETCATALOG_COMPILER_APPICON_NAME = AppIcon;
				ASSETCATALOG_COMPILER_GLOBAL_ACCENT_COLOR_NAME = AccentColor;
				CODE_SIGN_STYLE = Automatic;
				CURRENT_PROJECT_VERSION = 1;
				DEVELOPMENT_ASSET_PATHS = "\"TooDoo/Preview Content\"";
				ENABLE_PREVIEWS = YES;
				GENERATE_INFOPLIST_FILE = YES;
				INFOPLIST_KEY_UIApplicationSceneManifest_Generation = YES;
				INFOPLIST_KEY_UIApplicationSupportsIndirectInputEvents = YES;
				INFOPLIST_KEY_UILaunchScreen_Generation = YES;
				INFOPLIST_KEY_UISupportedInterfaceOrientations_iPad = "UIInterfaceOrientationPortrait UIInterfaceOrientationPortraitUpsideDown UIInterfaceOrientationLandscapeLeft UIInterfaceOrientationLandscapeRight";
				INFOPLIST_KEY_UISupportedInterfaceOrientations_iPhone = "UIInterfaceOrientationPortrait UIInterfaceOrientationLandscapeLeft UIInterfaceOrientationLandscapeRight";
				LD_RUNPATH_SEARCH_PATHS = (
					"$(inherited)",
					"@executable_path/Frameworks",
				);
				MARKETING_VERSION = 1.0;
				PRODUCT_BUNDLE_IDENTIFIER = com.dustindev.sample.TooDoo;
				PRODUCT_NAME = "$(TARGET_NAME)";
				SWIFT_EMIT_LOC_STRINGS = YES;
				SWIFT_VERSION = 5.0;
				TARGETED_DEVICE_FAMILY = "1,2";
			};
			name = Release;
		};
		4B7DA3E6278DB281004147A8 /* Debug */ = {
			isa = XCBuildConfiguration;
			buildSettings = {
				ALWAYS_EMBED_SWIFT_STANDARD_LIBRARIES = YES;
				BUNDLE_LOADER = "$(TEST_HOST)";
				CODE_SIGN_STYLE = Automatic;
				CURRENT_PROJECT_VERSION = 1;
				GENERATE_INFOPLIST_FILE = YES;
				IPHONEOS_DEPLOYMENT_TARGET = 15.2;
				MARKETING_VERSION = 1.0;
				PRODUCT_BUNDLE_IDENTIFIER = com.dustindev.sample.TooDooTests;
				PRODUCT_NAME = "$(TARGET_NAME)";
				SWIFT_EMIT_LOC_STRINGS = NO;
				SWIFT_VERSION = 5.0;
				TARGETED_DEVICE_FAMILY = "1,2";
				TEST_HOST = "$(BUILT_PRODUCTS_DIR)/TooDoo.app/TooDoo";
			};
			name = Debug;
		};
		4B7DA3E7278DB281004147A8 /* Release */ = {
			isa = XCBuildConfiguration;
			buildSettings = {
				ALWAYS_EMBED_SWIFT_STANDARD_LIBRARIES = YES;
				BUNDLE_LOADER = "$(TEST_HOST)";
				CODE_SIGN_STYLE = Automatic;
				CURRENT_PROJECT_VERSION = 1;
				GENERATE_INFOPLIST_FILE = YES;
				IPHONEOS_DEPLOYMENT_TARGET = 15.2;
				MARKETING_VERSION = 1.0;
				PRODUCT_BUNDLE_IDENTIFIER = com.dustindev.sample.TooDooTests;
				PRODUCT_NAME = "$(TARGET_NAME)";
				SWIFT_EMIT_LOC_STRINGS = NO;
				SWIFT_VERSION = 5.0;
				TARGETED_DEVICE_FAMILY = "1,2";
				TEST_HOST = "$(BUILT_PRODUCTS_DIR)/TooDoo.app/TooDoo";
			};
			name = Release;
		};
		4B7DA3E9278DB281004147A8 /* Debug */ = {
			isa = XCBuildConfiguration;
			buildSettings = {
				ALWAYS_EMBED_SWIFT_STANDARD_LIBRARIES = YES;
				CODE_SIGN_STYLE = Automatic;
				CURRENT_PROJECT_VERSION = 1;
				GENERATE_INFOPLIST_FILE = YES;
				MARKETING_VERSION = 1.0;
				PRODUCT_BUNDLE_IDENTIFIER = com.dustindev.sample.TooDooUITests;
				PRODUCT_NAME = "$(TARGET_NAME)";
				SWIFT_EMIT_LOC_STRINGS = NO;
				SWIFT_VERSION = 5.0;
				TARGETED_DEVICE_FAMILY = "1,2";
				TEST_TARGET_NAME = TooDoo;
			};
			name = Debug;
		};
		4B7DA3EA278DB281004147A8 /* Release */ = {
			isa = XCBuildConfiguration;
			buildSettings = {
				ALWAYS_EMBED_SWIFT_STANDARD_LIBRARIES = YES;
				CODE_SIGN_STYLE = Automatic;
				CURRENT_PROJECT_VERSION = 1;
				GENERATE_INFOPLIST_FILE = YES;
				MARKETING_VERSION = 1.0;
				PRODUCT_BUNDLE_IDENTIFIER = com.dustindev.sample.TooDooUITests;
				PRODUCT_NAME = "$(TARGET_NAME)";
				SWIFT_EMIT_LOC_STRINGS = NO;
				SWIFT_VERSION = 5.0;
				TARGETED_DEVICE_FAMILY = "1,2";
				TEST_TARGET_NAME = TooDoo;
			};
			name = Release;
		};
/* End XCBuildConfiguration section */

/* Begin XCConfigurationList section */
		4B7DA3B9278DB280004147A8 /* Build configuration list for PBXProject "TooDoo" */ = {
			isa = XCConfigurationList;
			buildConfigurations = (
				4B7DA3E0278DB281004147A8 /* Debug */,
				4B7DA3E1278DB281004147A8 /* Release */,
			);
			defaultConfigurationIsVisible = 0;
			defaultConfigurationName = Release;
		};
		4B7DA3E2278DB281004147A8 /* Build configuration list for PBXNativeTarget "TooDoo" */ = {
			isa = XCConfigurationList;
			buildConfigurations = (
				4B7DA3E3278DB281004147A8 /* Debug */,
				4B7DA3E4278DB281004147A8 /* Release */,
			);
			defaultConfigurationIsVisible = 0;
			defaultConfigurationName = Release;
		};
		4B7DA3E5278DB281004147A8 /* Build configuration list for PBXNativeTarget "TooDooTests" */ = {
			isa = XCConfigurationList;
			buildConfigurations = (
				4B7DA3E6278DB281004147A8 /* Debug */,
				4B7DA3E7278DB281004147A8 /* Release */,
			);
			defaultConfigurationIsVisible = 0;
			defaultConfigurationName = Release;
		};
		4B7DA3E8278DB281004147A8 /* Build configuration list for PBXNativeTarget "TooDooUITests" */ = {
			isa = XCConfigurationList;
			buildConfigurations = (
				4B7DA3E9278DB281004147A8 /* Debug */,
				4B7DA3EA278DB281004147A8 /* Release */,
			);
			defaultConfigurationIsVisible = 0;
			defaultConfigurationName = Release;
		};
/* End XCConfigurationList section */
	};
	rootObject = 4B7DA3B6278DB280004147A8 /* Project object */;
}
